
Microsoft Visual Studio Solution File, Format Version 12.00
# Visual Studio Version 17
VisualStudioVersion = 17.7.34018.315
MinimumVisualStudioVersion = 10.0.40219.1
Project("{888888A0-9F3D-457C-B088-3A5042F75D52}") = "Auto-Whatsapp", "Auto-Whatsapp.pyproj", "{25A3065D-B71F-4C9E-BC47-2BE10279ED74}"
EndProject
Global
	GlobalSection(SolutionConfigurationPlatforms) = preSolution
		Debug|Any CPU = Debug|Any CPU
		Release|Any CPU = Release|Any CPU
	EndGlobalSection
	GlobalSection(ProjectConfigurationPlatforms) = postSolution
		{25A3065D-B71F-4C9E-BC47-2BE10279ED74}.Debug|Any CPU.ActiveCfg = Debug|Any CPU
		{25A3065D-B71F-4C9E-BC47-2BE10279ED74}.Release|Any CPU.ActiveCfg = Release|Any CPU
	EndGlobalSection
	GlobalSection(SolutionProperties) = preSolution
		HideSolutionNode = FALSE
	EndGlobalSection
	GlobalSection(ExtensibilityGlobals) = postSolution
		SolutionGuid = {9DEF238D-16EF-410D-B66E-98FFB89807B2}
	EndGlobalSection
EndGlobal
